{
  "name": "@cryptoalgebra/core",
  "version": "2.0.0",
  "lockfileVersion": 2,
  "requires": true,
  "packages": {
    "": {
      "name": "@cryptoalgebra/core",
      "version": "2.0.0",
      "license": "GPL-2.0-or-later",
      "dependencies": {
        "@cryptoalgebra/core": "^2.0.0",
        "@cryptoalgebra/periphery": "^1.0.0"
      },
      "engines": {
        "node": ">=14.0.0",
        "npm": ">=8.0.0"
      }
    },
    "node_modules/@cryptoalgebra/core": {
      "version": "2.0.0",
      "resolved": "https://registry.npmjs.org/@cryptoalgebra/core/-/core-2.0.0.tgz",
      "integrity": "sha512-0IYRzqxtMpA2ZuxRCe6r/gK+3I94AQ8Sg/57QtFGkTCls4JewtMW4HlnIIgz1xRvjb5mUWVK+hHG/vXMdcz8gw==",
      "engines": {
        "node": ">=14.0.0",
        "npm": ">=8.0.0"
      }
    },
    "node_modules/@cryptoalgebra/periphery": {
      "version": "1.0.0",
      "resolved": "https://registry.npmjs.org/@cryptoalgebra/periphery/-/periphery-1.0.0.tgz",
      "integrity": "sha512-iU2bzVIIcdkgfKccRnLnlNYOGy46wOK622ZBQGd3KQJ8RwV2xvIIGLtZvd7dSZSL9+dLhh2fqgb0mb8k8Rv3Mw==",
      "dependencies": {
        "@cryptoalgebra/core": "^2.0.0",
        "@openzeppelin/contracts": "3.4.1-solc-0.7-2",
        "@uniswap/v2-core": "1.0.1",
        "base64-sol": "1.0.1"
      },
      "engines": {
        "node": ">=14.0.0",
        "npm": ">=8.0.0"
      }
    },
    "node_modules/@openzeppelin/contracts": {
      "version": "3.4.1-solc-0.7-2",
      "resolved": "https://registry.npmjs.org/@openzeppelin/contracts/-/contracts-3.4.1-solc-0.7-2.tgz",
      "integrity": "sha512-tAG9LWg8+M2CMu7hIsqHPaTyG4uDzjr6mhvH96LvOpLZZj6tgzTluBt+LsCf1/QaYrlis6pITvpIaIhE+iZB+Q=="
    },
    "node_modules/@uniswap/v2-core": {
      "version": "1.0.1",
      "resolved": "https://registry.npmjs.org/@uniswap/v2-core/-/v2-core-1.0.1.tgz",
      "integrity": "sha512-MtybtkUPSyysqLY2U210NBDeCHX+ltHt3oADGdjqoThZaFRDKwM6k1Nb3F0A3hk5hwuQvytFWhrWHOEq6nVJ8Q==",
      "engines": {
        "node": ">=10"
      }
    },
    "node_modules/base64-sol": {
      "version": "1.0.1",
      "resolved": "https://registry.npmjs.org/base64-sol/-/base64-sol-1.0.1.tgz",
      "integrity": "sha512-ld3cCNMeXt4uJXmLZBHFGMvVpK9KsLVEhPpFRXnvSVAqABKbuNZg/+dsq3NuM+wxFLb/UrVkz7m1ciWmkMfTbg=="
    }
  },
  "dependencies": {
    "@cryptoalgebra/core": {
      "version": "2.0.0",
      "resolved": "https://registry.npmjs.org/@cryptoalgebra/core/-/core-2.0.0.tgz",
      "integrity": "sha512-0IYRzqxtMpA2ZuxRCe6r/gK+3I94AQ8Sg/57QtFGkTCls4JewtMW4HlnIIgz1xRvjb5mUWVK+hHG/vXMdcz8gw=="
    },
    "@cryptoalgebra/periphery": {
      "version": "1.0.0",
      "resolved": "https://registry.npmjs.org/@cryptoalgebra/periphery/-/periphery-1.0.0.tgz",
      "integrity": "sha512-iU2bzVIIcdkgfKccRnLnlNYOGy46wOK622ZBQGd3KQJ8RwV2xvIIGLtZvd7dSZSL9+dLhh2fqgb0mb8k8Rv3Mw==",
      "requires": {
        "@cryptoalgebra/core": "^2.0.0",
        "@openzeppelin/contracts": "3.4.1-solc-0.7-2",
        "@uniswap/v2-core": "1.0.1",
        "base64-sol": "1.0.1"
      }
    },
    "@openzeppelin/contracts": {
      "version": "3.4.1-solc-0.7-2",
      "resolved": "https://registry.npmjs.org/@openzeppelin/contracts/-/contracts-3.4.1-solc-0.7-2.tgz",
      "integrity": "sha512-tAG9LWg8+M2CMu7hIsqHPaTyG4uDzjr6mhvH96LvOpLZZj6tgzTluBt+LsCf1/QaYrlis6pITvpIaIhE+iZB+Q=="
    },
    "@uniswap/v2-core": {
      "version": "1.0.1",
      "resolved": "https://registry.npmjs.org/@uniswap/v2-core/-/v2-core-1.0.1.tgz",
      "integrity": "sha512-MtybtkUPSyysqLY2U210NBDeCHX+ltHt3oADGdjqoThZaFRDKwM6k1Nb3F0A3hk5hwuQvytFWhrWHOEq6nVJ8Q=="
    },
    "base64-sol": {
      "version": "1.0.1",
      "resolved": "https://registry.npmjs.org/base64-sol/-/base64-sol-1.0.1.tgz",
      "integrity": "sha512-ld3cCNMeXt4uJXmLZBHFGMvVpK9KsLVEhPpFRXnvSVAqABKbuNZg/+dsq3NuM+wxFLb/UrVkz7m1ciWmkMfTbg=="
    }
  }
}
